
Microsoft Visual Studio Solution File, Format Version 12.00
# Visual Studio 15
VisualStudioVersion = 15.0.26403.7
MinimumVisualStudioVersion = 10.0.40219.1
Project("{FAE04EC0-301F-11D3-BF4B-00C04F79EFBC}") = "ExpectedUtilityModel", "ExpectedUtilityModel\ExpectedUtilityModel.csproj", "{AF16CC84-0E9A-4525-ADCC-075F6321019D}"
EndProject
Project("{FAE04EC0-301F-11D3-BF4B-00C04F79EFBC}") = "Simulator", "Simulator\Simulator.csproj", "{2D865CC1-EC30-4FE7-AB56-DD0904D6C2B8}"
EndProject
Project("{2150E333-8FDC-42A3-9474-1A3956D46DE8}") = "Solution Items", "Solution Items", "{AA3FA71F-85F1-477A-A48B-F9B53A6F4509}"
	ProjectSection(SolutionItems) = preProject
		LICENSE = LICENSE
		README.md = README.md
	EndProjectSection
EndProject
Global
	GlobalSection(SolutionConfigurationPlatforms) = preSolution
		Debug|Any CPU = Debug|Any CPU
		Release|Any CPU = Release|Any CPU
	EndGlobalSection
	GlobalSection(ProjectConfigurationPlatforms) = postSolution
		{AF16CC84-0E9A-4525-ADCC-075F6321019D}.Debug|Any CPU.ActiveCfg = Debug|Any CPU
		{AF16CC84-0E9A-4525-ADCC-075F6321019D}.Debug|Any CPU.Build.0 = Debug|Any CPU
		{AF16CC84-0E9A-4525-ADCC-075F6321019D}.Release|Any CPU.ActiveCfg = Release|Any CPU
		{AF16CC84-0E9A-4525-ADCC-075F6321019D}.Release|Any CPU.Build.0 = Release|Any CPU
		{2D865CC1-EC30-4FE7-AB56-DD0904D6C2B8}.Debug|Any CPU.ActiveCfg = Debug|Any CPU
		{2D865CC1-EC30-4FE7-AB56-DD0904D6C2B8}.Debug|Any CPU.Build.0 = Debug|Any CPU
		{2D865CC1-EC30-4FE7-AB56-DD0904D6C2B8}.Release|Any CPU.ActiveCfg = Release|Any CPU
		{2D865CC1-EC30-4FE7-AB56-DD0904D6C2B8}.Release|Any CPU.Build.0 = Release|Any CPU
	EndGlobalSection
	GlobalSection(SolutionProperties) = preSolution
		HideSolutionNode = FALSE
	EndGlobalSection
EndGlobal
